
Microsoft Visual Studio Solution File, Format Version 12.00
# Visual Studio 15
VisualStudioVersion = 15.0.27004.2010
MinimumVisualStudioVersion = 10.0.40219.1
Project("{8BC9CEB8-8B4A-11D0-8D11-00A0C91BC942}") = "LimitMicVol", "LimitMicVol\LimitMicVol.vcxproj", "{D87D379E-4B2E-459B-B633-A5562A33B6EA}"
EndProject
Project("{2150E333-8FDC-42A3-9474-1A3956D46DE8}") = "Solution Items", "Solution Items", "{12349978-D9BE-4054-B0F7-737A6DBFE1DD}"
	ProjectSection(SolutionItems) = preProject
		.clang-format = .clang-format
		.editorconfig = .editorconfig
	EndProjectSection
EndProject
Global
	GlobalSection(SolutionConfigurationPlatforms) = preSolution
		Debug|x64 = Debug|x64
		Debug|x86 = Debug|x86
		Release|x64 = Release|x64
		Release|x86 = Release|x86
	EndGlobalSection
	GlobalSection(ProjectConfigurationPlatforms) = postSolution
		{D87D379E-4B2E-459B-B633-A5562A33B6EA}.Debug|x64.ActiveCfg = Debug|x64
		{D87D379E-4B2E-459B-B633-A5562A33B6EA}.Debug|x64.Build.0 = Debug|x64
		{D87D379E-4B2E-459B-B633-A5562A33B6EA}.Debug|x86.ActiveCfg = Debug|Win32
		{D87D379E-4B2E-459B-B633-A5562A33B6EA}.Debug|x86.Build.0 = Debug|Win32
		{D87D379E-4B2E-459B-B633-A5562A33B6EA}.Release|x64.ActiveCfg = Release|x64
		{D87D379E-4B2E-459B-B633-A5562A33B6EA}.Release|x64.Build.0 = Release|x64
		{D87D379E-4B2E-459B-B633-A5562A33B6EA}.Release|x86.ActiveCfg = Release|Win32
		{D87D379E-4B2E-459B-B633-A5562A33B6EA}.Release|x86.Build.0 = Release|Win32
	EndGlobalSection
	GlobalSection(SolutionProperties) = preSolution
		HideSolutionNode = FALSE
	EndGlobalSection
	GlobalSection(ExtensibilityGlobals) = postSolution
		SolutionGuid = {D6E5243B-5536-4FF5-901C-2320125C43A9}
	EndGlobalSection
EndGlobal
